
Microsoft Visual Studio Solution File, Format Version 12.00
# Visual Studio Version 17
VisualStudioVersion = 17.10.35122.118
MinimumVisualStudioVersion = 10.0.40219.1
Project("{FAE04EC0-301F-11D3-BF4B-00C04F79EFBC}") = "YoungDev_Intern_UniversityWebsite_Task01.Server", "YoungDev_Intern_UniversityWebsite_Task01.Server\YoungDev_Intern_UniversityWebsite_Task01.Server.csproj", "{9C662D46-734E-4A3C-A18C-D223DCF9D0B3}"
EndProject
Project("{54A90642-561A-4BB1-A94E-469ADEE60C69}") = "youngdev_intern_universitywebsite_task01.client", "youngdev_intern_universitywebsite_task01.client\youngdev_intern_universitywebsite_task01.client.esproj", "{49065543-B0ED-4FD9-9CB3-AF8F4A13E1CC}"
EndProject
Global
	GlobalSection(SolutionConfigurationPlatforms) = preSolution
		Debug|Any CPU = Debug|Any CPU
		Release|Any CPU = Release|Any CPU
	EndGlobalSection
	GlobalSection(ProjectConfigurationPlatforms) = postSolution
		{9C662D46-734E-4A3C-A18C-D223DCF9D0B3}.Debug|Any CPU.ActiveCfg = Debug|Any CPU
		{9C662D46-734E-4A3C-A18C-D223DCF9D0B3}.Debug|Any CPU.Build.0 = Debug|Any CPU
		{9C662D46-734E-4A3C-A18C-D223DCF9D0B3}.Release|Any CPU.ActiveCfg = Release|Any CPU
		{9C662D46-734E-4A3C-A18C-D223DCF9D0B3}.Release|Any CPU.Build.0 = Release|Any CPU
		{49065543-B0ED-4FD9-9CB3-AF8F4A13E1CC}.Debug|Any CPU.ActiveCfg = Debug|Any CPU
		{49065543-B0ED-4FD9-9CB3-AF8F4A13E1CC}.Debug|Any CPU.Build.0 = Debug|Any CPU
		{49065543-B0ED-4FD9-9CB3-AF8F4A13E1CC}.Debug|Any CPU.Deploy.0 = Debug|Any CPU
		{49065543-B0ED-4FD9-9CB3-AF8F4A13E1CC}.Release|Any CPU.ActiveCfg = Release|Any CPU
		{49065543-B0ED-4FD9-9CB3-AF8F4A13E1CC}.Release|Any CPU.Build.0 = Release|Any CPU
		{49065543-B0ED-4FD9-9CB3-AF8F4A13E1CC}.Release|Any CPU.Deploy.0 = Release|Any CPU
	EndGlobalSection
	GlobalSection(SolutionProperties) = preSolution
		HideSolutionNode = FALSE
	EndGlobalSection
	GlobalSection(ExtensibilityGlobals) = postSolution
		SolutionGuid = {B35129CE-C38B-4524-B17E-053C578DF716}
	EndGlobalSection
EndGlobal
